// !$*UTF8*$!
{
	archiveVersion = 1;
	classes = {
	};
	objectVersion = 77;
	objects = {

/* Begin PBXBuildFile section */
		319E8574931D1FAE4BA3AEFB /* ProbeTests.swift in Sources */ = {isa = PBXBuildFile; fileRef = 260FA95AF6D4A0AA774FA269 /* ProbeTests.swift */; };
		6A23D407A63322473070BB28 /* App.swift in Sources */ = {isa = PBXBuildFile; fileRef = B47163CF83ED21B8DE2A9AC1 /* App.swift */; };
/* End PBXBuildFile section */

/* Begin PBXContainerItemProxy section */
		EF3BB5FEEDE54C017636716A /* PBXContainerItemProxy */ = {
			isa = PBXContainerItemProxy;
			containerPortal = 16AEDA79B00C5DE26826B361 /* Project object */;
			proxyType = 1;
			remoteGlobalIDString = C9C643DC88AF11E5003D5C80;
			remoteInfo = ProbeHost;
		};
/* End PBXContainerItemProxy section */

/* Begin PBXFileReference section */
		260FA95AF6D4A0AA774FA269 /* ProbeTests.swift */ = {isa = PBXFileReference; lastKnownFileType = sourcecode.swift; path = ProbeTests.swift; sourceTree = "<group>"; };
		A754D7F3B3170D2EDB18D482 /* ProbeTests.xctest */ = {isa = PBXFileReference; includeInIndex = 0; lastKnownFileType = wrapper.cfbundle; path = ProbeTests.xctest; sourceTree = BUILT_PRODUCTS_DIR; };
		B47163CF83ED21B8DE2A9AC1 /* App.swift */ = {isa = PBXFileReference; lastKnownFileType = sourcecode.swift; path = App.swift; sourceTree = "<group>"; };
		E00BFD334093AC2E85D1F502 /* ProbeHost.app */ = {isa = PBXFileReference; includeInIndex = 0; lastKnownFileType = wrapper.application; path = ProbeHost.app; sourceTree = BUILT_PRODUCTS_DIR; };
/* End PBXFileReference section */

/* Begin PBXGroup section */
		264D4DDB21FC1E426E587294 /* Host */ = {
			isa = PBXGroup;
			children = (
				B47163CF83ED21B8DE2A9AC1 /* App.swift */,
			);
			path = Host;
			sourceTree = "<group>";
		};
		3119B4696B1A86729D4DB38E /* Products */ = {
			isa = PBXGroup;
			children = (
				E00BFD334093AC2E85D1F502 /* ProbeHost.app */,
				A754D7F3B3170D2EDB18D482 /* ProbeTests.xctest */,
			);
			name = Products;
			sourceTree = "<group>";
		};
		41D91AFA4D5978E99475ACA9 = {
			isa = PBXGroup;
			children = (
				264D4DDB21FC1E426E587294 /* Host */,
				F5F9D19D84FBD1274F1B0B9E /* Tests */,
				3119B4696B1A86729D4DB38E /* Products */,
			);
			sourceTree = "<group>";
		};
		F5F9D19D84FBD1274F1B0B9E /* Tests */ = {
			isa = PBXGroup;
			children = (
				260FA95AF6D4A0AA774FA269 /* ProbeTests.swift */,
			);
			path = Tests;
			sourceTree = "<group>";
		};
/* End PBXGroup section */

/* Begin PBXNativeTarget section */
		9151D4FC23DE5B3229C03DC1 /* ProbeTests */ = {
			isa = PBXNativeTarget;
			buildConfigurationList = A1D96D225F6ABD8554FC545E /* Build configuration list for PBXNativeTarget "ProbeTests" */;
			buildPhases = (
				1439E3C5979CCC397CC0F0A2 /* Sources */,
			);
			buildRules = (
			);
			dependencies = (
				2AD3F290457722C4B52F24CC /* PBXTargetDependency */,
			);
			name = ProbeTests;
			packageProductDependencies = (
			);
			productName = ProbeTests;
			productReference = A754D7F3B3170D2EDB18D482 /* ProbeTests.xctest */;
			productType = "com.apple.product-type.bundle.ui-testing";
		};
		C9C643DC88AF11E5003D5C80 /* ProbeHost */ = {
			isa = PBXNativeTarget;
			buildConfigurationList = 098CB2D6C376F8DC41D5AA08 /* Build configuration list for PBXNativeTarget "ProbeHost" */;
			buildPhases = (
				189FB26397470AA40D5730BE /* Sources */,
			);
			buildRules = (
			);
			dependencies = (
			);
			name = ProbeHost;
			packageProductDependencies = (
			);
			productName = ProbeHost;
			productReference = E00BFD334093AC2E85D1F502 /* ProbeHost.app */;
			productType = "com.apple.product-type.application";
		};
/* End PBXNativeTarget section */

/* Begin PBXProject section */
		16AEDA79B00C5DE26826B361 /* Project object */ = {
			isa = PBXProject;
			attributes = {
				BuildIndependentTargetsInParallel = YES;
				LastUpgradeCheck = 1430;
				TargetAttributes = {
					9151D4FC23DE5B3229C03DC1 = {
						TestTargetID = C9C643DC88AF11E5003D5C80;
					};
				};
			};
			buildConfigurationList = 5793C164948A45ED215D2FBD /* Build configuration list for PBXProject "SoloSoulFE2UIProbe" */;
			developmentRegion = en;
			hasScannedForEncodings = 0;
			knownRegions = (
				Base,
				en,
			);
			mainGroup = 41D91AFA4D5978E99475ACA9;
			minimizedProjectReferenceProxies = 1;
			preferredProjectObjectVersion = 77;
			productRefGroup = 3119B4696B1A86729D4DB38E /* Products */;
			projectDirPath = "";
			projectRoot = "";
			targets = (
				C9C643DC88AF11E5003D5C80 /* ProbeHost */,
				9151D4FC23DE5B3229C03DC1 /* ProbeTests */,
			);
		};
/* End PBXProject section */

/* Begin PBXSourcesBuildPhase section */
		1439E3C5979CCC397CC0F0A2 /* Sources */ = {
			isa = PBXSourcesBuildPhase;
			buildActionMask = 2147483647;
			files = (
				319E8574931D1FAE4BA3AEFB /* ProbeTests.swift in Sources */,
			);
			runOnlyForDeploymentPostprocessing = 0;
		};
		189FB26397470AA40D5730BE /* Sources */ = {
			isa = PBXSourcesBuildPhase;
			buildActionMask = 2147483647;
			files = (
				6A23D407A63322473070BB28 /* App.swift in Sources */,
			);
			runOnlyForDeploymentPostprocessing = 0;
		};
/* End PBXSourcesBuildPhase section */

/* Begin PBXTargetDependency section */
		2AD3F290457722C4B52F24CC /* PBXTargetDependency */ = {
			isa = PBXTargetDependency;
			target = C9C643DC88AF11E5003D5C80 /* ProbeHost */;
			targetProxy = EF3BB5FEEDE54C017636716A /* PBXContainerItemProxy */;
		};
/* End PBXTargetDependency section */

/* Begin XCBuildConfiguration section */
		0532D1DB265A35B99074F761 /* Debug */ = {
			isa = XCBuildConfiguration;
			buildSettings = {
				BUNDLE_LOADER = "$(TEST_HOST)";
				LD_RUNPATH_SEARCH_PATHS = (
					"$(inherited)",
					"@executable_path/Frameworks",
					"@loader_path/Frameworks",
				);
				PRODUCT_BUNDLE_IDENTIFIER = com.solosoul.fe2.ios.probetests;
				SDKROOT = iphoneos;
				TARGETED_DEVICE_FAMILY = "1,2";
				TEST_TARGET_NAME = ProbeHost;
			};
			name = Debug;
		};
		340F6BFAA243F5D3D634AF7D /* Release */ = {
			isa = XCBuildConfiguration;
			buildSettings = {
				BUNDLE_LOADER = "$(TEST_HOST)";
				LD_RUNPATH_SEARCH_PATHS = (
					"$(inherited)",
					"@executable_path/Frameworks",
					"@loader_path/Frameworks",
				);
				PRODUCT_BUNDLE_IDENTIFIER = com.solosoul.fe2.ios.probetests;
				SDKROOT = iphoneos;
				TARGETED_DEVICE_FAMILY = "1,2";
				TEST_TARGET_NAME = ProbeHost;
			};
			name = Release;
		};
		438C4FF17F058C708A8B4C89 /* Release */ = {
			isa = XCBuildConfiguration;
			buildSettings = {
				ALWAYS_SEARCH_USER_PATHS = NO;
				CLANG_ANALYZER_NONNULL = YES;
				CLANG_ANALYZER_NUMBER_OBJECT_CONVERSION = YES_AGGRESSIVE;
				CLANG_CXX_LANGUAGE_STANDARD = "gnu++14";
				CLANG_CXX_LIBRARY = "libc++";
				CLANG_ENABLE_MODULES = YES;
				CLANG_ENABLE_OBJC_ARC = YES;
				CLANG_ENABLE_OBJC_WEAK = YES;
				CLANG_WARN_BLOCK_CAPTURE_AUTORELEASING = YES;
				CLANG_WARN_BOOL_CONVERSION = YES;
				CLANG_WARN_COMMA = YES;
				CLANG_WARN_CONSTANT_CONVERSION = YES;
				CLANG_WARN_DEPRECATED_OBJC_IMPLEMENTATIONS = YES;
				CLANG_WARN_DIRECT_OBJC_ISA_USAGE = YES_ERROR;
				CLANG_WARN_DOCUMENTATION_COMMENTS = YES;
				CLANG_WARN_EMPTY_BODY = YES;
				CLANG_WARN_ENUM_CONVERSION = YES;
				CLANG_WARN_INFINITE_RECURSION = YES;
				CLANG_WARN_INT_CONVERSION = YES;
				CLANG_WARN_NON_LITERAL_NULL_CONVERSION = YES;
				CLANG_WARN_OBJC_IMPLICIT_RETAIN_SELF = YES;
				CLANG_WARN_OBJC_LITERAL_CONVERSION = YES;
				CLANG_WARN_OBJC_ROOT_CLASS = YES_ERROR;
				CLANG_WARN_QUOTED_INCLUDE_IN_FRAMEWORK_HEADER = YES;
				CLANG_WARN_RANGE_LOOP_ANALYSIS = YES;
				CLANG_WARN_STRICT_PROTOTYPES = YES;
				CLANG_WARN_SUSPICIOUS_MOVE = YES;
				CLANG_WARN_UNGUARDED_AVAILABILITY = YES_AGGRESSIVE;
				CLANG_WARN_UNREACHABLE_CODE = YES;
				CLANG_WARN__DUPLICATE_METHOD_MATCH = YES;
				CODE_SIGNING_ALLOWED = NO;
				COPY_PHASE_STRIP = NO;
				DEBUG_INFORMATION_FORMAT = "dwarf-with-dsym";
				ENABLE_NS_ASSERTIONS = NO;
				ENABLE_STRICT_OBJC_MSGSEND = YES;
				GCC_C_LANGUAGE_STANDARD = gnu11;
				GCC_NO_COMMON_BLOCKS = YES;
				GCC_WARN_64_TO_32_BIT_CONVERSION = YES;
				GCC_WARN_ABOUT_RETURN_TYPE = YES_ERROR;
				GCC_WARN_UNDECLARED_SELECTOR = YES;
				GCC_WARN_UNINITIALIZED_AUTOS = YES_AGGRESSIVE;
				GCC_WARN_UNUSED_FUNCTION = YES;
				GCC_WARN_UNUSED_VARIABLE = YES;
				GENERATE_INFOPLIST_FILE = YES;
				IPHONEOS_DEPLOYMENT_TARGET = 14.0;
				MTL_ENABLE_DEBUG_INFO = NO;
				MTL_FAST_MATH = YES;
				PRODUCT_NAME = "$(TARGET_NAME)";
				SDKROOT = iphoneos;
				SWIFT_COMPILATION_MODE = wholemodule;
				SWIFT_OPTIMIZATION_LEVEL = "-O";
				SWIFT_VERSION = 5.0;
			};
			name = Release;
		};
		6A4E4666387B116F54F90910 /* Debug */ = {
			isa = XCBuildConfiguration;
			buildSettings = {
				ALWAYS_SEARCH_USER_PATHS = NO;
				CLANG_ANALYZER_NONNULL = YES;
				CLANG_ANALYZER_NUMBER_OBJECT_CONVERSION = YES_AGGRESSIVE;
				CLANG_CXX_LANGUAGE_STANDARD = "gnu++14";
				CLANG_CXX_LIBRARY = "libc++";
				CLANG_ENABLE_MODULES = YES;
				CLANG_ENABLE_OBJC_ARC = YES;
				CLANG_ENABLE_OBJC_WEAK = YES;
				CLANG_WARN_BLOCK_CAPTURE_AUTORELEASING = YES;
				CLANG_WARN_BOOL_CONVERSION = YES;
				CLANG_WARN_COMMA = YES;
				CLANG_WARN_CONSTANT_CONVERSION = YES;
				CLANG_WARN_DEPRECATED_OBJC_IMPLEMENTATIONS = YES;
				CLANG_WARN_DIRECT_OBJC_ISA_USAGE = YES_ERROR;
				CLANG_WARN_DOCUMENTATION_COMMENTS = YES;
				CLANG_WARN_EMPTY_BODY = YES;
				CLANG_WARN_ENUM_CONVERSION = YES;
				CLANG_WARN_INFINITE_RECURSION = YES;
				CLANG_WARN_INT_CONVERSION = YES;
				CLANG_WARN_NON_LITERAL_NULL_CONVERSION = YES;
				CLANG_WARN_OBJC_IMPLICIT_RETAIN_SELF = YES;
				CLANG_WARN_OBJC_LITERAL_CONVERSION = YES;
				CLANG_WARN_OBJC_ROOT_CLASS = YES_ERROR;
				CLANG_WARN_QUOTED_INCLUDE_IN_FRAMEWORK_HEADER = YES;
				CLANG_WARN_RANGE_LOOP_ANALYSIS = YES;
				CLANG_WARN_STRICT_PROTOTYPES = YES;
				CLANG_WARN_SUSPICIOUS_MOVE = YES;
				CLANG_WARN_UNGUARDED_AVAILABILITY = YES_AGGRESSIVE;
				CLANG_WARN_UNREACHABLE_CODE = YES;
				CLANG_WARN__DUPLICATE_METHOD_MATCH = YES;
				CODE_SIGNING_ALLOWED = NO;
				COPY_PHASE_STRIP = NO;
				DEBUG_INFORMATION_FORMAT = dwarf;
				ENABLE_STRICT_OBJC_MSGSEND = YES;
				ENABLE_TESTABILITY = YES;
				GCC_C_LANGUAGE_STANDARD = gnu11;
				GCC_DYNAMIC_NO_PIC = NO;
				GCC_NO_COMMON_BLOCKS = YES;
				GCC_OPTIMIZATION_LEVEL = 0;
				GCC_PREPROCESSOR_DEFINITIONS = (
					"$(inherited)",
					"DEBUG=1",
				);
				GCC_WARN_64_TO_32_BIT_CONVERSION = YES;
				GCC_WARN_ABOUT_RETURN_TYPE = YES_ERROR;
				GCC_WARN_UNDECLARED_SELECTOR = YES;
				GCC_WARN_UNINITIALIZED_AUTOS = YES_AGGRESSIVE;
				GCC_WARN_UNUSED_FUNCTION = YES;
				GCC_WARN_UNUSED_VARIABLE = YES;
				GENERATE_INFOPLIST_FILE = YES;
				IPHONEOS_DEPLOYMENT_TARGET = 14.0;
				MTL_ENABLE_DEBUG_INFO = INCLUDE_SOURCE;
				MTL_FAST_MATH = YES;
				ONLY_ACTIVE_ARCH = YES;
				PRODUCT_NAME = "$(TARGET_NAME)";
				SDKROOT = iphoneos;
				SWIFT_ACTIVE_COMPILATION_CONDITIONS = DEBUG;
				SWIFT_OPTIMIZATION_LEVEL = "-Onone";
				SWIFT_VERSION = 5.0;
			};
			name = Debug;
		};
		778BCA0182A789404012331C /* Release */ = {
			isa = XCBuildConfiguration;
			buildSettings = {
				ASSETCATALOG_COMPILER_APPICON_NAME = AppIcon;
				CODE_SIGN_IDENTITY = "iPhone Developer";
				INFOPLIST_KEY_UILaunchScreen_Generation = YES;
				LD_RUNPATH_SEARCH_PATHS = (
					"$(inherited)",
					"@executable_path/Frameworks",
				);
				PRODUCT_BUNDLE_IDENTIFIER = com.solosoul.fe2.ios.probehost;
				SDKROOT = iphoneos;
				TARGETED_DEVICE_FAMILY = "1,2";
			};
			name = Release;
		};
		E9072C22C148DADAE9A85A23 /* Debug */ = {
			isa = XCBuildConfiguration;
			buildSettings = {
				ASSETCATALOG_COMPILER_APPICON_NAME = AppIcon;
				CODE_SIGN_IDENTITY = "iPhone Developer";
				INFOPLIST_KEY_UILaunchScreen_Generation = YES;
				LD_RUNPATH_SEARCH_PATHS = (
					"$(inherited)",
					"@executable_path/Frameworks",
				);
				PRODUCT_BUNDLE_IDENTIFIER = com.solosoul.fe2.ios.probehost;
				SDKROOT = iphoneos;
				TARGETED_DEVICE_FAMILY = "1,2";
			};
			name = Debug;
		};
/* End XCBuildConfiguration section */

/* Begin XCConfigurationList section */
		098CB2D6C376F8DC41D5AA08 /* Build configuration list for PBXNativeTarget "ProbeHost" */ = {
			isa = XCConfigurationList;
			buildConfigurations = (
				E9072C22C148DADAE9A85A23 /* Debug */,
				778BCA0182A789404012331C /* Release */,
			);
			defaultConfigurationIsVisible = 0;
			defaultConfigurationName = Debug;
		};
		5793C164948A45ED215D2FBD /* Build configuration list for PBXProject "SoloSoulFE2UIProbe" */ = {
			isa = XCConfigurationList;
			buildConfigurations = (
				6A4E4666387B116F54F90910 /* Debug */,
				438C4FF17F058C708A8B4C89 /* Release */,
			);
			defaultConfigurationIsVisible = 0;
			defaultConfigurationName = Debug;
		};
		A1D96D225F6ABD8554FC545E /* Build configuration list for PBXNativeTarget "ProbeTests" */ = {
			isa = XCConfigurationList;
			buildConfigurations = (
				0532D1DB265A35B99074F761 /* Debug */,
				340F6BFAA243F5D3D634AF7D /* Release */,
			);
			defaultConfigurationIsVisible = 0;
			defaultConfigurationName = Debug;
		};
/* End XCConfigurationList section */
	};
	rootObject = 16AEDA79B00C5DE26826B361 /* Project object */;
}
